
Microsoft Visual Studio Solution File, Format Version 12.00
# Visual Studio Version 16
VisualStudioVersion = 16.0.31727.386
MinimumVisualStudioVersion = 10.0.40219.1
Project("{FAE04EC0-301F-11D3-BF4B-00C04F79EFBC}") = "SportNews", "SportNews\SportNews.csproj", "{B2A04064-97D8-44E4-8118-6CBA4B3C9A4D}"
EndProject
Global
	GlobalSection(SolutionConfigurationPlatforms) = preSolution
		Debug|Any CPU = Debug|Any CPU
		Release|Any CPU = Release|Any CPU
	EndGlobalSection
	GlobalSection(ProjectConfigurationPlatforms) = postSolution
		{B2A04064-97D8-44E4-8118-6CBA4B3C9A4D}.Debug|Any CPU.ActiveCfg = Debug|Any CPU
		{B2A04064-97D8-44E4-8118-6CBA4B3C9A4D}.Debug|Any CPU.Build.0 = Debug|Any CPU
		{B2A04064-97D8-44E4-8118-6CBA4B3C9A4D}.Release|Any CPU.ActiveCfg = Release|Any CPU
		{B2A04064-97D8-44E4-8118-6CBA4B3C9A4D}.Release|Any CPU.Build.0 = Release|Any CPU
	EndGlobalSection
	GlobalSection(SolutionProperties) = preSolution
		HideSolutionNode = FALSE
	EndGlobalSection
	GlobalSection(ExtensibilityGlobals) = postSolution
		SolutionGuid = {8E2D3613-457C-46F0-99DB-C8B397C4D56C}
	EndGlobalSection
EndGlobal
